
Microsoft Visual Studio Solution File, Format Version 12.00
# Visual Studio 14
VisualStudioVersion = 14.0.25420.1
MinimumVisualStudioVersion = 10.0.40219.1
Project("{FAE04EC0-301F-11D3-BF4B-00C04F79EFBC}") = "codeCalc", "codeCalc\codeCalc\codeCalc.csproj", "{3CC12F10-252E-4387-96DD-2C8749CC6896}"
EndProject
Project("{FAE04EC0-301F-11D3-BF4B-00C04F79EFBC}") = "codeCalc.Droid", "codeCalc\codeCalc.Droid\codeCalc.Droid.csproj", "{5164D34A-8D6B-4946-9A49-5F619ACBFA82}"
EndProject
Project("{FAE04EC0-301F-11D3-BF4B-00C04F79EFBC}") = "codeCalc.iOS", "codeCalc\codeCalc.iOS\codeCalc.iOS.csproj", "{01FF87C9-367B-4B9E-8307-28814C010FCF}"
EndProject
Project("{FAE04EC0-301F-11D3-BF4B-00C04F79EFBC}") = "codeCalc.UWP", "codeCalc\codeCalc.UWP\codeCalc.UWP.csproj", "{CEE6ACF9-08CA-4857-AB6F-786878854842}"
EndProject
Global
	GlobalSection(SolutionConfigurationPlatforms) = preSolution
		Ad-Hoc|Any CPU = Ad-Hoc|Any CPU
		Ad-Hoc|ARM = Ad-Hoc|ARM
		Ad-Hoc|iPhone = Ad-Hoc|iPhone
		Ad-Hoc|iPhoneSimulator = Ad-Hoc|iPhoneSimulator
		Ad-Hoc|x64 = Ad-Hoc|x64
		Ad-Hoc|x86 = Ad-Hoc|x86
		AppStore|Any CPU = AppStore|Any CPU
		AppStore|ARM = AppStore|ARM
		AppStore|iPhone = AppStore|iPhone
		AppStore|iPhoneSimulator = AppStore|iPhoneSimulator
		AppStore|x64 = AppStore|x64
		AppStore|x86 = AppStore|x86
		Debug|Any CPU = Debug|Any CPU
		Debug|ARM = Debug|ARM
		Debug|iPhone = Debug|iPhone
		Debug|iPhoneSimulator = Debug|iPhoneSimulator
		Debug|x64 = Debug|x64
		Debug|x86 = Debug|x86
		Release|Any CPU = Release|Any CPU
		Release|ARM = Release|ARM
		Release|iPhone = Release|iPhone
		Release|iPhoneSimulator = Release|iPhoneSimulator
		Release|x64 = Release|x64
		Release|x86 = Release|x86
	EndGlobalSection
	GlobalSection(ProjectConfigurationPlatforms) = postSolution
		{3CC12F10-252E-4387-96DD-2C8749CC6896}.Ad-Hoc|Any CPU.ActiveCfg = Release|Any CPU
		{3CC12F10-252E-4387-96DD-2C8749CC6896}.Ad-Hoc|Any CPU.Build.0 = Release|Any CPU
		{3CC12F10-252E-4387-96DD-2C8749CC6896}.Ad-Hoc|ARM.ActiveCfg = Release|Any CPU
		{3CC12F10-252E-4387-96DD-2C8749CC6896}.Ad-Hoc|ARM.Build.0 = Release|Any CPU
		{3CC12F10-252E-4387-96DD-2C8749CC6896}.Ad-Hoc|iPhone.ActiveCfg = Release|Any CPU
		{3CC12F10-252E-4387-96DD-2C8749CC6896}.Ad-Hoc|iPhone.Build.0 = Release|Any CPU
		{3CC12F10-252E-4387-96DD-2C8749CC6896}.Ad-Hoc|iPhoneSimulator.ActiveCfg = Release|Any CPU
		{3CC12F10-252E-4387-96DD-2C8749CC6896}.Ad-Hoc|iPhoneSimulator.Build.0 = Release|Any CPU
		{3CC12F10-252E-4387-96DD-2C8749CC6896}.Ad-Hoc|x64.ActiveCfg = Release|Any CPU
		{3CC12F10-252E-4387-96DD-2C8749CC6896}.Ad-Hoc|x64.Build.0 = Release|Any CPU
		{3CC12F10-252E-4387-96DD-2C8749CC6896}.Ad-Hoc|x86.ActiveCfg = Release|Any CPU
		{3CC12F10-252E-4387-96DD-2C8749CC6896}.Ad-Hoc|x86.Build.0 = Release|Any CPU
		{3CC12F10-252E-4387-96DD-2C8749CC6896}.AppStore|Any CPU.ActiveCfg = Release|Any CPU
		{3CC12F10-252E-4387-96DD-2C8749CC6896}.AppStore|Any CPU.Build.0 = Release|Any CPU
		{3CC12F10-252E-4387-96DD-2C8749CC6896}.AppStore|ARM.ActiveCfg = Release|Any CPU
		{3CC12F10-252E-4387-96DD-2C8749CC6896}.AppStore|ARM.Build.0 = Release|Any CPU
		{3CC12F10-252E-4387-96DD-2C8749CC6896}.AppStore|iPhone.ActiveCfg = Release|Any CPU
		{3CC12F10-252E-4387-96DD-2C8749CC6896}.AppStore|iPhone.Build.0 = Release|Any CPU
		{3CC12F10-252E-4387-96DD-2C8749CC6896}.AppStore|iPhoneSimulator.ActiveCfg = Release|Any CPU
		{3CC12F10-252E-4387-96DD-2C8749CC6896}.AppStore|iPhoneSimulator.Build.0 = Release|Any CPU
		{3CC12F10-252E-4387-96DD-2C8749CC6896}.AppStore|x64.ActiveCfg = Release|Any CPU
		{3CC12F10-252E-4387-96DD-2C8749CC6896}.AppStore|x64.Build.0 = Release|Any CPU
		{3CC12F10-252E-4387-96DD-2C8749CC6896}.AppStore|x86.ActiveCfg = Release|Any CPU
		{3CC12F10-252E-4387-96DD-2C8749CC6896}.AppStore|x86.Build.0 = Release|Any CPU
		{3CC12F10-252E-4387-96DD-2C8749CC6896}.Debug|Any CPU.ActiveCfg = Debug|Any CPU
		{3CC12F10-252E-4387-96DD-2C8749CC6896}.Debug|Any CPU.Build.0 = Debug|Any CPU
		{3CC12F10-252E-4387-96DD-2C8749CC6896}.Debug|ARM.ActiveCfg = Debug|Any CPU
		{3CC12F10-252E-4387-96DD-2C8749CC6896}.Debug|ARM.Build.0 = Debug|Any CPU
		{3CC12F10-252E-4387-96DD-2C8749CC6896}.Debug|iPhone.ActiveCfg = Debug|Any CPU
		{3CC12F10-252E-4387-96DD-2C8749CC6896}.Debug|iPhone.Build.0 = Debug|Any CPU
		{3CC12F10-252E-4387-96DD-2C8749CC6896}.Debug|iPhoneSimulator.ActiveCfg = Debug|Any CPU
		{3CC12F10-252E-4387-96DD-2C8749CC6896}.Debug|iPhoneSimulator.Build.0 = Debug|Any CPU
		{3CC12F10-252E-4387-96DD-2C8749CC6896}.Debug|x64.ActiveCfg = Debug|Any CPU
		{3CC12F10-252E-4387-96DD-2C8749CC6896}.Debug|x64.Build.0 = Debug|Any CPU
		{3CC12F10-252E-4387-96DD-2C8749CC6896}.Debug|x86.ActiveCfg = Debug|Any CPU
		{3CC12F10-252E-4387-96DD-2C8749CC6896}.Debug|x86.Build.0 = Debug|Any CPU
		{3CC12F10-252E-4387-96DD-2C8749CC6896}.Release|Any CPU.ActiveCfg = Release|Any CPU
		{3CC12F10-252E-4387-96DD-2C8749CC6896}.Release|Any CPU.Build.0 = Release|Any CPU
		{3CC12F10-252E-4387-96DD-2C8749CC6896}.Release|ARM.ActiveCfg = Release|Any CPU
		{3CC12F10-252E-4387-96DD-2C8749CC6896}.Release|ARM.Build.0 = Release|Any CPU
		{3CC12F10-252E-4387-96DD-2C8749CC6896}.Release|iPhone.ActiveCfg = Release|Any CPU
		{3CC12F10-252E-4387-96DD-2C8749CC6896}.Release|iPhone.Build.0 = Release|Any CPU
		{3CC12F10-252E-4387-96DD-2C8749CC6896}.Release|iPhoneSimulator.ActiveCfg = Release|Any CPU
		{3CC12F10-252E-4387-96DD-2C8749CC6896}.Release|iPhoneSimulator.Build.0 = Release|Any CPU
		{3CC12F10-252E-4387-96DD-2C8749CC6896}.Release|x64.ActiveCfg = Release|Any CPU
		{3CC12F10-252E-4387-96DD-2C8749CC6896}.Release|x64.Build.0 = Release|Any CPU
		{3CC12F10-252E-4387-96DD-2C8749CC6896}.Release|x86.ActiveCfg = Release|Any CPU
		{3CC12F10-252E-4387-96DD-2C8749CC6896}.Release|x86.Build.0 = Release|Any CPU
		{5164D34A-8D6B-4946-9A49-5F619ACBFA82}.Ad-Hoc|Any CPU.ActiveCfg = Release|Any CPU
		{5164D34A-8D6B-4946-9A49-5F619ACBFA82}.Ad-Hoc|Any CPU.Build.0 = Release|Any CPU
		{5164D34A-8D6B-4946-9A49-5F619ACBFA82}.Ad-Hoc|Any CPU.Deploy.0 = Release|Any CPU
		{5164D34A-8D6B-4946-9A49-5F619ACBFA82}.Ad-Hoc|ARM.ActiveCfg = Release|Any CPU
		{5164D34A-8D6B-4946-9A49-5F619ACBFA82}.Ad-Hoc|ARM.Build.0 = Release|Any CPU
		{5164D34A-8D6B-4946-9A49-5F619ACBFA82}.Ad-Hoc|ARM.Deploy.0 = Release|Any CPU
		{5164D34A-8D6B-4946-9A49-5F619ACBFA82}.Ad-Hoc|iPhone.ActiveCfg = Release|Any CPU
		{5164D34A-8D6B-4946-9A49-5F619ACBFA82}.Ad-Hoc|iPhone.Build.0 = Release|Any CPU
		{5164D34A-8D6B-4946-9A49-5F619ACBFA82}.Ad-Hoc|iPhone.Deploy.0 = Release|Any CPU
		{5164D34A-8D6B-4946-9A49-5F619ACBFA82}.Ad-Hoc|iPhoneSimulator.ActiveCfg = Release|Any CPU
		{5164D34A-8D6B-4946-9A49-5F619ACBFA82}.Ad-Hoc|iPhoneSimulator.Build.0 = Release|Any CPU
		{5164D34A-8D6B-4946-9A49-5F619ACBFA82}.Ad-Hoc|iPhoneSimulator.Deploy.0 = Release|Any CPU
		{5164D34A-8D6B-4946-9A49-5F619ACBFA82}.Ad-Hoc|x64.ActiveCfg = Release|Any CPU
		{5164D34A-8D6B-4946-9A49-5F619ACBFA82}.Ad-Hoc|x64.Build.0 = Release|Any CPU
		{5164D34A-8D6B-4946-9A49-5F619ACBFA82}.Ad-Hoc|x64.Deploy.0 = Release|Any CPU
		{5164D34A-8D6B-4946-9A49-5F619ACBFA82}.Ad-Hoc|x86.ActiveCfg = Release|Any CPU
		{5164D34A-8D6B-4946-9A49-5F619ACBFA82}.Ad-Hoc|x86.Build.0 = Release|Any CPU
		{5164D34A-8D6B-4946-9A49-5F619ACBFA82}.Ad-Hoc|x86.Deploy.0 = Release|Any CPU
		{5164D34A-8D6B-4946-9A49-5F619ACBFA82}.AppStore|Any CPU.ActiveCfg = Release|Any CPU
		{5164D34A-8D6B-4946-9A49-5F619ACBFA82}.AppStore|Any CPU.Build.0 = Release|Any CPU
		{5164D34A-8D6B-4946-9A49-5F619ACBFA82}.AppStore|Any CPU.Deploy.0 = Release|Any CPU
		{5164D34A-8D6B-4946-9A49-5F619ACBFA82}.AppStore|ARM.ActiveCfg = Release|Any CPU
		{5164D34A-8D6B-4946-9A49-5F619ACBFA82}.AppStore|ARM.Build.0 = Release|Any CPU
		{5164D34A-8D6B-4946-9A49-5F619ACBFA82}.AppStore|ARM.Deploy.0 = Release|Any CPU
		{5164D34A-8D6B-4946-9A49-5F619ACBFA82}.AppStore|iPhone.ActiveCfg = Release|Any CPU
		{5164D34A-8D6B-4946-9A49-5F619ACBFA82}.AppStore|iPhone.Build.0 = Release|Any CPU
		{5164D34A-8D6B-4946-9A49-5F619ACBFA82}.AppStore|iPhone.Deploy.0 = Release|Any CPU
		{5164D34A-8D6B-4946-9A49-5F619ACBFA82}.AppStore|iPhoneSimulator.ActiveCfg = Release|Any CPU
		{5164D34A-8D6B-4946-9A49-5F619ACBFA82}.AppStore|iPhoneSimulator.Build.0 = Release|Any CPU
		{5164D34A-8D6B-4946-9A49-5F619ACBFA82}.AppStore|iPhoneSimulator.Deploy.0 = Release|Any CPU
		{5164D34A-8D6B-4946-9A49-5F619ACBFA82}.AppStore|x64.ActiveCfg = Release|Any CPU
		{5164D34A-8D6B-4946-9A49-5F619ACBFA82}.AppStore|x64.Build.0 = Release|Any CPU
		{5164D34A-8D6B-4946-9A49-5F619ACBFA82}.AppStore|x64.Deploy.0 = Release|Any CPU
		{5164D34A-8D6B-4946-9A49-5F619ACBFA82}.AppStore|x86.ActiveCfg = Release|Any CPU
		{5164D34A-8D6B-4946-9A49-5F619ACBFA82}.AppStore|x86.Build.0 = Release|Any CPU
		{5164D34A-8D6B-4946-9A49-5F619ACBFA82}.AppStore|x86.Deploy.0 = Release|Any CPU
		{5164D34A-8D6B-4946-9A49-5F619ACBFA82}.Debug|Any CPU.ActiveCfg = Debug|Any CPU
		{5164D34A-8D6B-4946-9A49-5F619ACBFA82}.Debug|Any CPU.Build.0 = Debug|Any CPU
		{5164D34A-8D6B-4946-9A49-5F619ACBFA82}.Debug|Any CPU.Deploy.0 = Debug|Any CPU
		{5164D34A-8D6B-4946-9A49-5F619ACBFA82}.Debug|ARM.ActiveCfg = Debug|Any CPU
		{5164D34A-8D6B-4946-9A49-5F619ACBFA82}.Debug|ARM.Build.0 = Debug|Any CPU
		{5164D34A-8D6B-4946-9A49-5F619ACBFA82}.Debug|ARM.Deploy.0 = Debug|Any CPU
		{5164D34A-8D6B-4946-9A49-5F619ACBFA82}.Debug|iPhone.ActiveCfg = Debug|Any CPU
		{5164D34A-8D6B-4946-9A49-5F619ACBFA82}.Debug|iPhone.Build.0 = Debug|Any CPU
		{5164D34A-8D6B-4946-9A49-5F619ACBFA82}.Debug|iPhone.Deploy.0 = Debug|Any CPU
		{5164D34A-8D6B-4946-9A49-5F619ACBFA82}.Debug|iPhoneSimulator.ActiveCfg = Debug|Any CPU
		{5164D34A-8D6B-4946-9A49-5F619ACBFA82}.Debug|iPhoneSimulator.Build.0 = Debug|Any CPU
		{5164D34A-8D6B-4946-9A49-5F619ACBFA82}.Debug|iPhoneSimulator.Deploy.0 = Debug|Any CPU
		{5164D34A-8D6B-4946-9A49-5F619ACBFA82}.Debug|x64.ActiveCfg = Debug|Any CPU
		{5164D34A-8D6B-4946-9A49-5F619ACBFA82}.Debug|x64.Build.0 = Debug|Any CPU
		{5164D34A-8D6B-4946-9A49-5F619ACBFA82}.Debug|x64.Deploy.0 = Debug|Any CPU
		{5164D34A-8D6B-4946-9A49-5F619ACBFA82}.Debug|x86.ActiveCfg = Debug|Any CPU
		{5164D34A-8D6B-4946-9A49-5F619ACBFA82}.Debug|x86.Build.0 = Debug|Any CPU
		{5164D34A-8D6B-4946-9A49-5F619ACBFA82}.Debug|x86.Deploy.0 = Debug|Any CPU
		{5164D34A-8D6B-4946-9A49-5F619ACBFA82}.Release|Any CPU.ActiveCfg = Release|Any CPU
		{5164D34A-8D6B-4946-9A49-5F619ACBFA82}.Release|Any CPU.Build.0 = Release|Any CPU
		{5164D34A-8D6B-4946-9A49-5F619ACBFA82}.Release|Any CPU.Deploy.0 = Release|Any CPU
		{5164D34A-8D6B-4946-9A49-5F619ACBFA82}.Release|ARM.ActiveCfg = Release|Any CPU
		{5164D34A-8D6B-4946-9A49-5F619ACBFA82}.Release|ARM.Build.0 = Release|Any CPU
		{5164D34A-8D6B-4946-9A49-5F619ACBFA82}.Release|ARM.Deploy.0 = Release|Any CPU
		{5164D34A-8D6B-4946-9A49-5F619ACBFA82}.Release|iPhone.ActiveCfg = Release|Any CPU
		{5164D34A-8D6B-4946-9A49-5F619ACBFA82}.Release|iPhone.Build.0 = Release|Any CPU
		{5164D34A-8D6B-4946-9A49-5F619ACBFA82}.Release|iPhone.Deploy.0 = Release|Any CPU
		{5164D34A-8D6B-4946-9A49-5F619ACBFA82}.Release|iPhoneSimulator.ActiveCfg = Release|Any CPU
		{5164D34A-8D6B-4946-9A49-5F619ACBFA82}.Release|iPhoneSimulator.Build.0 = Release|Any CPU
		{5164D34A-8D6B-4946-9A49-5F619ACBFA82}.Release|iPhoneSimulator.Deploy.0 = Release|Any CPU
		{5164D34A-8D6B-4946-9A49-5F619ACBFA82}.Release|x64.ActiveCfg = Release|Any CPU
		{5164D34A-8D6B-4946-9A49-5F619ACBFA82}.Release|x64.Build.0 = Release|Any CPU
		{5164D34A-8D6B-4946-9A49-5F619ACBFA82}.Release|x64.Deploy.0 = Release|Any CPU
		{5164D34A-8D6B-4946-9A49-5F619ACBFA82}.Release|x86.ActiveCfg = Release|Any CPU
		{5164D34A-8D6B-4946-9A49-5F619ACBFA82}.Release|x86.Build.0 = Release|Any CPU
		{5164D34A-8D6B-4946-9A49-5F619ACBFA82}.Release|x86.Deploy.0 = Release|Any CPU
		{01FF87C9-367B-4B9E-8307-28814C010FCF}.Ad-Hoc|Any CPU.ActiveCfg = Ad-Hoc|iPhone
		{01FF87C9-367B-4B9E-8307-28814C010FCF}.Ad-Hoc|ARM.ActiveCfg = Ad-Hoc|iPhone
		{01FF87C9-367B-4B9E-8307-28814C010FCF}.Ad-Hoc|iPhone.ActiveCfg = Ad-Hoc|iPhone
		{01FF87C9-367B-4B9E-8307-28814C010FCF}.Ad-Hoc|iPhone.Build.0 = Ad-Hoc|iPhone
		{01FF87C9-367B-4B9E-8307-28814C010FCF}.Ad-Hoc|iPhoneSimulator.ActiveCfg = Ad-Hoc|iPhoneSimulator
		{01FF87C9-367B-4B9E-8307-28814C010FCF}.Ad-Hoc|iPhoneSimulator.Build.0 = Ad-Hoc|iPhoneSimulator
		{01FF87C9-367B-4B9E-8307-28814C010FCF}.Ad-Hoc|x64.ActiveCfg = Ad-Hoc|iPhone
		{01FF87C9-367B-4B9E-8307-28814C010FCF}.Ad-Hoc|x86.ActiveCfg = Ad-Hoc|iPhone
		{01FF87C9-367B-4B9E-8307-28814C010FCF}.AppStore|Any CPU.ActiveCfg = AppStore|iPhone
		{01FF87C9-367B-4B9E-8307-28814C010FCF}.AppStore|ARM.ActiveCfg = AppStore|iPhone
		{01FF87C9-367B-4B9E-8307-28814C010FCF}.AppStore|iPhone.ActiveCfg = AppStore|iPhone
		{01FF87C9-367B-4B9E-8307-28814C010FCF}.AppStore|iPhone.Build.0 = AppStore|iPhone
		{01FF87C9-367B-4B9E-8307-28814C010FCF}.AppStore|iPhoneSimulator.ActiveCfg = AppStore|iPhoneSimulator
		{01FF87C9-367B-4B9E-8307-28814C010FCF}.AppStore|iPhoneSimulator.Build.0 = AppStore|iPhoneSimulator
		{01FF87C9-367B-4B9E-8307-28814C010FCF}.AppStore|x64.ActiveCfg = AppStore|iPhone
		{01FF87C9-367B-4B9E-8307-28814C010FCF}.AppStore|x86.ActiveCfg = AppStore|iPhone
		{01FF87C9-367B-4B9E-8307-28814C010FCF}.Debug|Any CPU.ActiveCfg = Debug|iPhone
		{01FF87C9-367B-4B9E-8307-28814C010FCF}.Debug|Any CPU.Build.0 = Debug|iPhone
		{01FF87C9-367B-4B9E-8307-28814C010FCF}.Debug|ARM.ActiveCfg = Debug|iPhone
		{01FF87C9-367B-4B9E-8307-28814C010FCF}.Debug|iPhone.ActiveCfg = Debug|iPhone
		{01FF87C9-367B-4B9E-8307-28814C010FCF}.Debug|iPhone.Build.0 = Debug|iPhone
		{01FF87C9-367B-4B9E-8307-28814C010FCF}.Debug|iPhoneSimulator.ActiveCfg = Debug|iPhoneSimulator
		{01FF87C9-367B-4B9E-8307-28814C010FCF}.Debug|iPhoneSimulator.Build.0 = Debug|iPhoneSimulator
		{01FF87C9-367B-4B9E-8307-28814C010FCF}.Debug|x64.ActiveCfg = Debug|iPhone
		{01FF87C9-367B-4B9E-8307-28814C010FCF}.Debug|x86.ActiveCfg = Debug|iPhone
		{01FF87C9-367B-4B9E-8307-28814C010FCF}.Release|Any CPU.ActiveCfg = Release|iPhone
		{01FF87C9-367B-4B9E-8307-28814C010FCF}.Release|ARM.ActiveCfg = Release|iPhone
		{01FF87C9-367B-4B9E-8307-28814C010FCF}.Release|iPhone.ActiveCfg = Release|iPhone
		{01FF87C9-367B-4B9E-8307-28814C010FCF}.Release|iPhone.Build.0 = Release|iPhone
		{01FF87C9-367B-4B9E-8307-28814C010FCF}.Release|iPhoneSimulator.ActiveCfg = Release|iPhoneSimulator
		{01FF87C9-367B-4B9E-8307-28814C010FCF}.Release|iPhoneSimulator.Build.0 = Release|iPhoneSimulator
		{01FF87C9-367B-4B9E-8307-28814C010FCF}.Release|x64.ActiveCfg = Release|iPhone
		{01FF87C9-367B-4B9E-8307-28814C010FCF}.Release|x86.ActiveCfg = Release|iPhone
		{CEE6ACF9-08CA-4857-AB6F-786878854842}.Ad-Hoc|Any CPU.ActiveCfg = Release|x86
		{CEE6ACF9-08CA-4857-AB6F-786878854842}.Ad-Hoc|Any CPU.Build.0 = Release|x86
		{CEE6ACF9-08CA-4857-AB6F-786878854842}.Ad-Hoc|Any CPU.Deploy.0 = Release|x86
		{CEE6ACF9-08CA-4857-AB6F-786878854842}.Ad-Hoc|ARM.ActiveCfg = Release|ARM
		{CEE6ACF9-08CA-4857-AB6F-786878854842}.Ad-Hoc|ARM.Build.0 = Release|ARM
		{CEE6ACF9-08CA-4857-AB6F-786878854842}.Ad-Hoc|ARM.Deploy.0 = Release|ARM
		{CEE6ACF9-08CA-4857-AB6F-786878854842}.Ad-Hoc|iPhone.ActiveCfg = Release|x86
		{CEE6ACF9-08CA-4857-AB6F-786878854842}.Ad-Hoc|iPhone.Build.0 = Release|x86
		{CEE6ACF9-08CA-4857-AB6F-786878854842}.Ad-Hoc|iPhone.Deploy.0 = Release|x86
		{CEE6ACF9-08CA-4857-AB6F-786878854842}.Ad-Hoc|iPhoneSimulator.ActiveCfg = Release|x86
		{CEE6ACF9-08CA-4857-AB6F-786878854842}.Ad-Hoc|iPhoneSimulator.Build.0 = Release|x86
		{CEE6ACF9-08CA-4857-AB6F-786878854842}.Ad-Hoc|iPhoneSimulator.Deploy.0 = Release|x86
		{CEE6ACF9-08CA-4857-AB6F-786878854842}.Ad-Hoc|x64.ActiveCfg = Release|x64
		{CEE6ACF9-08CA-4857-AB6F-786878854842}.Ad-Hoc|x64.Build.0 = Release|x64
		{CEE6ACF9-08CA-4857-AB6F-786878854842}.Ad-Hoc|x64.Deploy.0 = Release|x64
		{CEE6ACF9-08CA-4857-AB6F-786878854842}.Ad-Hoc|x86.ActiveCfg = Release|x86
		{CEE6ACF9-08CA-4857-AB6F-786878854842}.Ad-Hoc|x86.Build.0 = Release|x86
		{CEE6ACF9-08CA-4857-AB6F-786878854842}.Ad-Hoc|x86.Deploy.0 = Release|x86
		{CEE6ACF9-08CA-4857-AB6F-786878854842}.AppStore|Any CPU.ActiveCfg = Release|x86
		{CEE6ACF9-08CA-4857-AB6F-786878854842}.AppStore|Any CPU.Build.0 = Release|x86
		{CEE6ACF9-08CA-4857-AB6F-786878854842}.AppStore|Any CPU.Deploy.0 = Release|x86
		{CEE6ACF9-08CA-4857-AB6F-786878854842}.AppStore|ARM.ActiveCfg = Release|ARM
		{CEE6ACF9-08CA-4857-AB6F-786878854842}.AppStore|ARM.Build.0 = Release|ARM
		{CEE6ACF9-08CA-4857-AB6F-786878854842}.AppStore|ARM.Deploy.0 = Release|ARM
		{CEE6ACF9-08CA-4857-AB6F-786878854842}.AppStore|iPhone.ActiveCfg = Release|x86
		{CEE6ACF9-08CA-4857-AB6F-786878854842}.AppStore|iPhone.Build.0 = Release|x86
		{CEE6ACF9-08CA-4857-AB6F-786878854842}.AppStore|iPhone.Deploy.0 = Release|x86
		{CEE6ACF9-08CA-4857-AB6F-786878854842}.AppStore|iPhoneSimulator.ActiveCfg = Release|x86
		{CEE6ACF9-08CA-4857-AB6F-786878854842}.AppStore|iPhoneSimulator.Build.0 = Release|x86
		{CEE6ACF9-08CA-4857-AB6F-786878854842}.AppStore|iPhoneSimulator.Deploy.0 = Release|x86
		{CEE6ACF9-08CA-4857-AB6F-786878854842}.AppStore|x64.ActiveCfg = Release|x64
		{CEE6ACF9-08CA-4857-AB6F-786878854842}.AppStore|x64.Build.0 = Release|x64
		{CEE6ACF9-08CA-4857-AB6F-786878854842}.AppStore|x64.Deploy.0 = Release|x64
		{CEE6ACF9-08CA-4857-AB6F-786878854842}.AppStore|x86.ActiveCfg = Release|x86
		{CEE6ACF9-08CA-4857-AB6F-786878854842}.AppStore|x86.Build.0 = Release|x86
		{CEE6ACF9-08CA-4857-AB6F-786878854842}.AppStore|x86.Deploy.0 = Release|x86
		{CEE6ACF9-08CA-4857-AB6F-786878854842}.Debug|Any CPU.ActiveCfg = Debug|x86
		{CEE6ACF9-08CA-4857-AB6F-786878854842}.Debug|Any CPU.Build.0 = Debug|x86
		{CEE6ACF9-08CA-4857-AB6F-786878854842}.Debug|Any CPU.Deploy.0 = Debug|x86
		{CEE6ACF9-08CA-4857-AB6F-786878854842}.Debug|ARM.ActiveCfg = Debug|ARM
		{CEE6ACF9-08CA-4857-AB6F-786878854842}.Debug|ARM.Build.0 = Debug|ARM
		{CEE6ACF9-08CA-4857-AB6F-786878854842}.Debug|ARM.Deploy.0 = Debug|ARM
		{CEE6ACF9-08CA-4857-AB6F-786878854842}.Debug|iPhone.ActiveCfg = Debug|x86
		{CEE6ACF9-08CA-4857-AB6F-786878854842}.Debug|iPhone.Build.0 = Debug|x86
		{CEE6ACF9-08CA-4857-AB6F-786878854842}.Debug|iPhone.Deploy.0 = Debug|x86
		{CEE6ACF9-08CA-4857-AB6F-786878854842}.Debug|iPhoneSimulator.ActiveCfg = Debug|x86
		{CEE6ACF9-08CA-4857-AB6F-786878854842}.Debug|x64.ActiveCfg = Debug|x64
		{CEE6ACF9-08CA-4857-AB6F-786878854842}.Debug|x64.Build.0 = Debug|x64
		{CEE6ACF9-08CA-4857-AB6F-786878854842}.Debug|x64.Deploy.0 = Debug|x64
		{CEE6ACF9-08CA-4857-AB6F-786878854842}.Debug|x86.ActiveCfg = Debug|x86
		{CEE6ACF9-08CA-4857-AB6F-786878854842}.Debug|x86.Build.0 = Debug|x86
		{CEE6ACF9-08CA-4857-AB6F-786878854842}.Debug|x86.Deploy.0 = Debug|x86
		{CEE6ACF9-08CA-4857-AB6F-786878854842}.Release|Any CPU.ActiveCfg = Release|x86
		{CEE6ACF9-08CA-4857-AB6F-786878854842}.Release|ARM.ActiveCfg = Release|ARM
		{CEE6ACF9-08CA-4857-AB6F-786878854842}.Release|ARM.Build.0 = Release|ARM
		{CEE6ACF9-08CA-4857-AB6F-786878854842}.Release|ARM.Deploy.0 = Release|ARM
		{CEE6ACF9-08CA-4857-AB6F-786878854842}.Release|iPhone.ActiveCfg = Release|x86
		{CEE6ACF9-08CA-4857-AB6F-786878854842}.Release|iPhoneSimulator.ActiveCfg = Release|x86
		{CEE6ACF9-08CA-4857-AB6F-786878854842}.Release|x64.ActiveCfg = Release|x64
		{CEE6ACF9-08CA-4857-AB6F-786878854842}.Release|x64.Build.0 = Release|x64
		{CEE6ACF9-08CA-4857-AB6F-786878854842}.Release|x64.Deploy.0 = Release|x64
		{CEE6ACF9-08CA-4857-AB6F-786878854842}.Release|x86.ActiveCfg = Release|x86
		{CEE6ACF9-08CA-4857-AB6F-786878854842}.Release|x86.Build.0 = Release|x86
		{CEE6ACF9-08CA-4857-AB6F-786878854842}.Release|x86.Deploy.0 = Release|x86
	EndGlobalSection
	GlobalSection(SolutionProperties) = preSolution
		HideSolutionNode = FALSE
	EndGlobalSection
EndGlobal
